
Microsoft Visual Studio Solution File, Format Version 12.00
# Visual Studio 14
VisualStudioVersion = 14.0.23107.0
MinimumVisualStudioVersion = 10.0.40219.1
Project("{F2A71F9B-5D33-465A-A702-920D77279786}") = "DataManipulationAndAnalysis", "DataManipulationAndAnalysis\DataManipulationAndAnalysis.fsproj", "{D61A3D4B-468F-4575-BDED-24FA917CCA52}"
EndProject
Global
	GlobalSection(SolutionConfigurationPlatforms) = preSolution
		Debug|x86 = Debug|x86
		Release|x86 = Release|x86
	EndGlobalSection
	GlobalSection(ProjectConfigurationPlatforms) = postSolution
		{D61A3D4B-468F-4575-BDED-24FA917CCA52}.Debug|x86.ActiveCfg = Debug|x86
		{D61A3D4B-468F-4575-BDED-24FA917CCA52}.Debug|x86.Build.0 = Debug|x86
		{D61A3D4B-468F-4575-BDED-24FA917CCA52}.Release|x86.ActiveCfg = Release|x86
		{D61A3D4B-468F-4575-BDED-24FA917CCA52}.Release|x86.Build.0 = Release|x86
	EndGlobalSection
	GlobalSection(SolutionProperties) = preSolution
		HideSolutionNode = FALSE
	EndGlobalSection
EndGlobal
