
Microsoft Visual Studio Solution File, Format Version 12.00
# Visual Studio 14
VisualStudioVersion = 14.0.23107.0
MinimumVisualStudioVersion = 10.0.40219.1
Project("{F2A71F9B-5D33-465A-A702-920D77279786}") = "SpeakersFS", "SpeakersFS\SpeakersFS.fsproj", "{2BB98D52-AB29-42D7-884D-BE69DBE30626}"
EndProject
Project("{F2A71F9B-5D33-465A-A702-920D77279786}") = "SpeakersFS.Tests", "SpeakersFS.Tests\SpeakersFS.Tests.fsproj", "{BE21DB49-AD68-48D2-A7DC-22C0C1BC0D05}"
EndProject
Global
	GlobalSection(SolutionConfigurationPlatforms) = preSolution
		Debug|Any CPU = Debug|Any CPU
		Release|Any CPU = Release|Any CPU
	EndGlobalSection
	GlobalSection(ProjectConfigurationPlatforms) = postSolution
		{2BB98D52-AB29-42D7-884D-BE69DBE30626}.Debug|Any CPU.ActiveCfg = Debug|Any CPU
		{2BB98D52-AB29-42D7-884D-BE69DBE30626}.Debug|Any CPU.Build.0 = Debug|Any CPU
		{2BB98D52-AB29-42D7-884D-BE69DBE30626}.Release|Any CPU.ActiveCfg = Release|Any CPU
		{2BB98D52-AB29-42D7-884D-BE69DBE30626}.Release|Any CPU.Build.0 = Release|Any CPU
		{BE21DB49-AD68-48D2-A7DC-22C0C1BC0D05}.Debug|Any CPU.ActiveCfg = Debug|Any CPU
		{BE21DB49-AD68-48D2-A7DC-22C0C1BC0D05}.Debug|Any CPU.Build.0 = Debug|Any CPU
		{BE21DB49-AD68-48D2-A7DC-22C0C1BC0D05}.Release|Any CPU.ActiveCfg = Release|Any CPU
		{BE21DB49-AD68-48D2-A7DC-22C0C1BC0D05}.Release|Any CPU.Build.0 = Release|Any CPU
	EndGlobalSection
	GlobalSection(SolutionProperties) = preSolution
		HideSolutionNode = FALSE
	EndGlobalSection
EndGlobal
