
Microsoft Visual Studio Solution File, Format Version 12.00
# Visual Studio 2013
VisualStudioVersion = 12.0.40629.0
MinimumVisualStudioVersion = 10.0.40219.1
Project("{FAE04EC0-301F-11D3-BF4B-00C04F79EFBC}") = "MVC2013Web", "MVC2013\MVC2013Web\MVC2013Web.csproj", "{614B2841-8C82-4116-AA90-130FE0FF222D}"
EndProject
Project("{F2A71F9B-5D33-465A-A702-920D77279786}") = "MVC2013WebApp", "MVC2013\MVC2013WebApp\MVC2013WebApp.fsproj", "{A126575F-C66E-42BF-A70F-655D4C3F0069}"
EndProject
Project("{F2A71F9B-5D33-465A-A702-920D77279786}") = "SpeakersFS", "MVC2013\SpeakersFS\SpeakersFS.fsproj", "{A6152E8F-B3EF-4D2F-B424-7B9B765B10F4}"
EndProject
Global
	GlobalSection(SolutionConfigurationPlatforms) = preSolution
		Debug|Any CPU = Debug|Any CPU
		Release|Any CPU = Release|Any CPU
	EndGlobalSection
	GlobalSection(ProjectConfigurationPlatforms) = postSolution
		{614B2841-8C82-4116-AA90-130FE0FF222D}.Debug|Any CPU.ActiveCfg = Debug|Any CPU
		{614B2841-8C82-4116-AA90-130FE0FF222D}.Debug|Any CPU.Build.0 = Debug|Any CPU
		{614B2841-8C82-4116-AA90-130FE0FF222D}.Release|Any CPU.ActiveCfg = Release|Any CPU
		{614B2841-8C82-4116-AA90-130FE0FF222D}.Release|Any CPU.Build.0 = Release|Any CPU
		{A126575F-C66E-42BF-A70F-655D4C3F0069}.Debug|Any CPU.ActiveCfg = Debug|Any CPU
		{A126575F-C66E-42BF-A70F-655D4C3F0069}.Debug|Any CPU.Build.0 = Debug|Any CPU
		{A126575F-C66E-42BF-A70F-655D4C3F0069}.Release|Any CPU.ActiveCfg = Release|Any CPU
		{A126575F-C66E-42BF-A70F-655D4C3F0069}.Release|Any CPU.Build.0 = Release|Any CPU
		{A6152E8F-B3EF-4D2F-B424-7B9B765B10F4}.Debug|Any CPU.ActiveCfg = Debug|Any CPU
		{A6152E8F-B3EF-4D2F-B424-7B9B765B10F4}.Debug|Any CPU.Build.0 = Debug|Any CPU
		{A6152E8F-B3EF-4D2F-B424-7B9B765B10F4}.Release|Any CPU.ActiveCfg = Release|Any CPU
		{A6152E8F-B3EF-4D2F-B424-7B9B765B10F4}.Release|Any CPU.Build.0 = Release|Any CPU
	EndGlobalSection
	GlobalSection(SolutionProperties) = preSolution
		HideSolutionNode = FALSE
	EndGlobalSection
EndGlobal
