
Microsoft Visual Studio Solution File, Format Version 12.00
# Visual Studio 14
VisualStudioVersion = 14.0.23107.0
MinimumVisualStudioVersion = 10.0.40219.1
Project("{F2A71F9B-5D33-465A-A702-920D77279786}") = "FunctionsAndLambdas", "FunctionsAndLambdas\FunctionsAndLambdas.fsproj", "{FDD10829-DD8C-4074-957A-A715A6E9BF1F}"
EndProject
Global
	GlobalSection(SolutionConfigurationPlatforms) = preSolution
		Debug|Any CPU = Debug|Any CPU
		Release|Any CPU = Release|Any CPU
	EndGlobalSection
	GlobalSection(ProjectConfigurationPlatforms) = postSolution
		{FDD10829-DD8C-4074-957A-A715A6E9BF1F}.Debug|Any CPU.ActiveCfg = Debug|Any CPU
		{FDD10829-DD8C-4074-957A-A715A6E9BF1F}.Debug|Any CPU.Build.0 = Debug|Any CPU
		{FDD10829-DD8C-4074-957A-A715A6E9BF1F}.Release|Any CPU.ActiveCfg = Release|Any CPU
		{FDD10829-DD8C-4074-957A-A715A6E9BF1F}.Release|Any CPU.Build.0 = Release|Any CPU
	EndGlobalSection
	GlobalSection(SolutionProperties) = preSolution
		HideSolutionNode = FALSE
	EndGlobalSection
EndGlobal
