
Microsoft Visual Studio Solution File, Format Version 12.00
# Visual Studio 14
VisualStudioVersion = 14.0.23107.0
MinimumVisualStudioVersion = 10.0.40219.1
Project("{F2A71F9B-5D33-465A-A702-920D77279786}") = "Calculator", "Modularsation\Calculator.fsproj", "{C2DB1DAC-C5E2-46D7-8B1F-AD3CFA41480E}"
EndProject
Project("{F2A71F9B-5D33-465A-A702-920D77279786}") = "Calculator.Tests", "Calculator.Tests\Calculator.Tests.fsproj", "{7B416E5B-3066-4844-BABD-1D053C4456B3}"
EndProject
Global
	GlobalSection(SolutionConfigurationPlatforms) = preSolution
		Debug|Any CPU = Debug|Any CPU
		Release|Any CPU = Release|Any CPU
	EndGlobalSection
	GlobalSection(ProjectConfigurationPlatforms) = postSolution
		{C2DB1DAC-C5E2-46D7-8B1F-AD3CFA41480E}.Debug|Any CPU.ActiveCfg = Debug|Any CPU
		{C2DB1DAC-C5E2-46D7-8B1F-AD3CFA41480E}.Debug|Any CPU.Build.0 = Debug|Any CPU
		{C2DB1DAC-C5E2-46D7-8B1F-AD3CFA41480E}.Release|Any CPU.ActiveCfg = Release|Any CPU
		{C2DB1DAC-C5E2-46D7-8B1F-AD3CFA41480E}.Release|Any CPU.Build.0 = Release|Any CPU
		{7B416E5B-3066-4844-BABD-1D053C4456B3}.Debug|Any CPU.ActiveCfg = Debug|Any CPU
		{7B416E5B-3066-4844-BABD-1D053C4456B3}.Debug|Any CPU.Build.0 = Debug|Any CPU
		{7B416E5B-3066-4844-BABD-1D053C4456B3}.Release|Any CPU.ActiveCfg = Release|Any CPU
		{7B416E5B-3066-4844-BABD-1D053C4456B3}.Release|Any CPU.Build.0 = Release|Any CPU
	EndGlobalSection
	GlobalSection(SolutionProperties) = preSolution
		HideSolutionNode = FALSE
	EndGlobalSection
EndGlobal
